
Microsoft Visual Studio Solution File, Format Version 11.00
# Visual Studio 2010
Project("{FAE04EC0-301F-11D3-BF4B-00C04F79EFBC}") = "MonoGraph", "MonoGraph\MonoGraph.csproj", "{D05B0E2E-2247-419F-82A8-F76E69219A7F}"
EndProject
Project("{FAE04EC0-301F-11D3-BF4B-00C04F79EFBC}") = "MonoGraphTest", "MonoGraphTest\MonoGraphTest.csproj", "{DAABE788-B2D5-482D-9E34-316142B09212}"
EndProject
Global
	GlobalSection(SolutionConfigurationPlatforms) = preSolution
		Debug|Any CPU = Debug|Any CPU
		Release|Any CPU = Release|Any CPU
	EndGlobalSection
	GlobalSection(ProjectConfigurationPlatforms) = postSolution
		{D05B0E2E-2247-419F-82A8-F76E69219A7F}.Debug|Any CPU.ActiveCfg = Debug|Any CPU
		{D05B0E2E-2247-419F-82A8-F76E69219A7F}.Debug|Any CPU.Build.0 = Debug|Any CPU
		{D05B0E2E-2247-419F-82A8-F76E69219A7F}.Release|Any CPU.ActiveCfg = Release|Any CPU
		{D05B0E2E-2247-419F-82A8-F76E69219A7F}.Release|Any CPU.Build.0 = Release|Any CPU
		{DAABE788-B2D5-482D-9E34-316142B09212}.Debug|Any CPU.ActiveCfg = Debug|Any CPU
		{DAABE788-B2D5-482D-9E34-316142B09212}.Debug|Any CPU.Build.0 = Debug|Any CPU
		{DAABE788-B2D5-482D-9E34-316142B09212}.Release|Any CPU.ActiveCfg = Release|Any CPU
		{DAABE788-B2D5-482D-9E34-316142B09212}.Release|Any CPU.Build.0 = Release|Any CPU
	EndGlobalSection
	GlobalSection(MonoDevelopProperties) = preSolution
		StartupItem = MonoGraph\MonoGraph.csproj
		version = 0.4
	EndGlobalSection
EndGlobal
